
Microsoft Visual Studio Solution File, Format Version 12.00
# Visual Studio Version 18
VisualStudioVersion = 18.9.12020.428
MinimumVisualStudioVersion = 10.0.40219.1
Project("{2150E333-8FDC-42A3-9474-1A3956D46DE8}") = "src", "src", "{827E0CD3-B72D-47B6-A68D-7590B98EB39B}"
EndProject
Project("{FAE04EC0-301F-11D3-BF4B-00C04F79EFBC}") = "Mentorly.Domain", "src\Mentorly.Domain\Mentorly.Domain.csproj", "{6A9B8DB3-F987-4457-BA15-7A4673D7E17B}"
EndProject
Project("{FAE04EC0-301F-11D3-BF4B-00C04F79EFBC}") = "Mentorly.Application", "src\Mentorly.Application\Mentorly.Application.csproj", "{7935D1EB-583F-46AC-AC19-4BF02F5ABAAF}"
EndProject
Project("{FAE04EC0-301F-11D3-BF4B-00C04F79EFBC}") = "Mentorly.Infrastructure", "src\Mentorly.Infrastructure\Mentorly.Infrastructure.csproj", "{409251B1-588C-486B-91DE-6BD53B79219A}"
EndProject
Project("{2150E333-8FDC-42A3-9474-1A3956D46DE8}") = "tests", "tests", "{0AB3BF05-4346-4AA6-1389-037BE0695223}"
EndProject
Project("{FAE04EC0-301F-11D3-BF4B-00C04F79EFBC}") = "Mentorly.Tests", "tests\Mentorly.Tests\Mentorly.Tests.csproj", "{C549A4B0-373E-4649-9F80-331952CA5979}"
EndProject
Project("{FAE04EC0-301F-11D3-BF4B-00C04F79EFBC}") = "Mentorly.UI", "src\Mentorly.UI\Mentorly.UI.csproj", "{131724A3-7C82-E4EE-F6B1-949286C16FD8}"
EndProject
Project("{FAE04EC0-301F-11D3-BF4B-00C04F79EFBC}") = "Mentorly.Api", "src\Mentorly.Api\Mentorly.Api.csproj", "{FDAB5C1D-6827-2165-2711-F30D40B08FAA}"
EndProject
Global
	GlobalSection(SolutionConfigurationPlatforms) = preSolution
		Debug|Any CPU = Debug|Any CPU
		Debug|x64 = Debug|x64
		Debug|x86 = Debug|x86
		Release|Any CPU = Release|Any CPU
		Release|x64 = Release|x64
		Release|x86 = Release|x86
	EndGlobalSection
	GlobalSection(ProjectConfigurationPlatforms) = postSolution
		{6A9B8DB3-F987-4457-BA15-7A4673D7E17B}.Debug|Any CPU.ActiveCfg = Debug|Any CPU
		{6A9B8DB3-F987-4457-BA15-7A4673D7E17B}.Debug|Any CPU.Build.0 = Debug|Any CPU
		{6A9B8DB3-F987-4457-BA15-7A4673D7E17B}.Debug|x64.ActiveCfg = Debug|Any CPU
		{6A9B8DB3-F987-4457-BA15-7A4673D7E17B}.Debug|x64.Build.0 = Debug|Any CPU
		{6A9B8DB3-F987-4457-BA15-7A4673D7E17B}.Debug|x86.ActiveCfg = Debug|Any CPU
		{6A9B8DB3-F987-4457-BA15-7A4673D7E17B}.Debug|x86.Build.0 = Debug|Any CPU
		{6A9B8DB3-F987-4457-BA15-7A4673D7E17B}.Release|Any CPU.ActiveCfg = Release|Any CPU
		{6A9B8DB3-F987-4457-BA15-7A4673D7E17B}.Release|Any CPU.Build.0 = Release|Any CPU
		{6A9B8DB3-F987-4457-BA15-7A4673D7E17B}.Release|x64.ActiveCfg = Release|Any CPU
		{6A9B8DB3-F987-4457-BA15-7A4673D7E17B}.Release|x64.Build.0 = Release|Any CPU
		{6A9B8DB3-F987-4457-BA15-7A4673D7E17B}.Release|x86.ActiveCfg = Release|Any CPU
		{6A9B8DB3-F987-4457-BA15-7A4673D7E17B}.Release|x86.Build.0 = Release|Any CPU
		{7935D1EB-583F-46AC-AC19-4BF02F5ABAAF}.Debug|Any CPU.ActiveCfg = Debug|Any CPU
		{7935D1EB-583F-46AC-AC19-4BF02F5ABAAF}.Debug|Any CPU.Build.0 = Debug|Any CPU
		{7935D1EB-583F-46AC-AC19-4BF02F5ABAAF}.Debug|x64.ActiveCfg = Debug|Any CPU
		{7935D1EB-583F-46AC-AC19-4BF02F5ABAAF}.Debug|x64.Build.0 = Debug|Any CPU
		{7935D1EB-583F-46AC-AC19-4BF02F5ABAAF}.Debug|x86.ActiveCfg = Debug|Any CPU
		{7935D1EB-583F-46AC-AC19-4BF02F5ABAAF}.Debug|x86.Build.0 = Debug|Any CPU
		{7935D1EB-583F-46AC-AC19-4BF02F5ABAAF}.Release|Any CPU.ActiveCfg = Release|Any CPU
		{7935D1EB-583F-46AC-AC19-4BF02F5ABAAF}.Release|Any CPU.Build.0 = Release|Any CPU
		{7935D1EB-583F-46AC-AC19-4BF02F5ABAAF}.Release|x64.ActiveCfg = Release|Any CPU
		{7935D1EB-583F-46AC-AC19-4BF02F5ABAAF}.Release|x64.Build.0 = Release|Any CPU
		{7935D1EB-583F-46AC-AC19-4BF02F5ABAAF}.Release|x86.ActiveCfg = Release|Any CPU
		{7935D1EB-583F-46AC-AC19-4BF02F5ABAAF}.Release|x86.Build.0 = Release|Any CPU
		{409251B1-588C-486B-91DE-6BD53B79219A}.Debug|Any CPU.ActiveCfg = Debug|Any CPU
		{409251B1-588C-486B-91DE-6BD53B79219A}.Debug|Any CPU.Build.0 = Debug|Any CPU
		{409251B1-588C-486B-91DE-6BD53B79219A}.Debug|x64.ActiveCfg = Debug|Any CPU
		{409251B1-588C-486B-91DE-6BD53B79219A}.Debug|x64.Build.0 = Debug|Any CPU
		{409251B1-588C-486B-91DE-6BD53B79219A}.Debug|x86.ActiveCfg = Debug|Any CPU
		{409251B1-588C-486B-91DE-6BD53B79219A}.Debug|x86.Build.0 = Debug|Any CPU
		{409251B1-588C-486B-91DE-6BD53B79219A}.Release|Any CPU.ActiveCfg = Release|Any CPU
		{409251B1-588C-486B-91DE-6BD53B79219A}.Release|Any CPU.Build.0 = Release|Any CPU
		{409251B1-588C-486B-91DE-6BD53B79219A}.Release|x64.ActiveCfg = Release|Any CPU
		{409251B1-588C-486B-91DE-6BD53B79219A}.Release|x64.Build.0 = Release|Any CPU
		{409251B1-588C-486B-91DE-6BD53B79219A}.Release|x86.ActiveCfg = Release|Any CPU
		{409251B1-588C-486B-91DE-6BD53B79219A}.Release|x86.Build.0 = Release|Any CPU
		{C549A4B0-373E-4649-9F80-331952CA5979}.Debug|Any CPU.ActiveCfg = Debug|Any CPU
		{C549A4B0-373E-4649-9F80-331952CA5979}.Debug|Any CPU.Build.0 = Debug|Any CPU
		{C549A4B0-373E-4649-9F80-331952CA5979}.Debug|x64.ActiveCfg = Debug|Any CPU
		{C549A4B0-373E-4649-9F80-331952CA5979}.Debug|x64.Build.0 = Debug|Any CPU
		{C549A4B0-373E-4649-9F80-331952CA5979}.Debug|x86.ActiveCfg = Debug|Any CPU
		{C549A4B0-373E-4649-9F80-331952CA5979}.Debug|x86.Build.0 = Debug|Any CPU
		{C549A4B0-373E-4649-9F80-331952CA5979}.Release|Any CPU.ActiveCfg = Release|Any CPU
		{C549A4B0-373E-4649-9F80-331952CA5979}.Release|Any CPU.Build.0 = Release|Any CPU
		{C549A4B0-373E-4649-9F80-331952CA5979}.Release|x64.ActiveCfg = Release|Any CPU
		{C549A4B0-373E-4649-9F80-331952CA5979}.Release|x64.Build.0 = Release|Any CPU
		{C549A4B0-373E-4649-9F80-331952CA5979}.Release|x86.ActiveCfg = Release|Any CPU
		{C549A4B0-373E-4649-9F80-331952CA5979}.Release|x86.Build.0 = Release|Any CPU
		{131724A3-7C82-E4EE-F6B1-949286C16FD8}.Debug|Any CPU.ActiveCfg = Debug|Any CPU
		{131724A3-7C82-E4EE-F6B1-949286C16FD8}.Debug|Any CPU.Build.0 = Debug|Any CPU
		{131724A3-7C82-E4EE-F6B1-949286C16FD8}.Debug|x64.ActiveCfg = Debug|Any CPU
		{131724A3-7C82-E4EE-F6B1-949286C16FD8}.Debug|x64.Build.0 = Debug|Any CPU
		{131724A3-7C82-E4EE-F6B1-949286C16FD8}.Debug|x86.ActiveCfg = Debug|Any CPU
		{131724A3-7C82-E4EE-F6B1-949286C16FD8}.Debug|x86.Build.0 = Debug|Any CPU
		{131724A3-7C82-E4EE-F6B1-949286C16FD8}.Release|Any CPU.ActiveCfg = Release|Any CPU
		{131724A3-7C82-E4EE-F6B1-949286C16FD8}.Release|Any CPU.Build.0 = Release|Any CPU
		{131724A3-7C82-E4EE-F6B1-949286C16FD8}.Release|x64.ActiveCfg = Release|Any CPU
		{131724A3-7C82-E4EE-F6B1-949286C16FD8}.Release|x64.Build.0 = Release|Any CPU
		{131724A3-7C82-E4EE-F6B1-949286C16FD8}.Release|x86.ActiveCfg = Release|Any CPU
		{131724A3-7C82-E4EE-F6B1-949286C16FD8}.Release|x86.Build.0 = Release|Any CPU
		{FDAB5C1D-6827-2165-2711-F30D40B08FAA}.Debug|Any CPU.ActiveCfg = Debug|Any CPU
		{FDAB5C1D-6827-2165-2711-F30D40B08FAA}.Debug|Any CPU.Build.0 = Debug|Any CPU
		{FDAB5C1D-6827-2165-2711-F30D40B08FAA}.Debug|x64.ActiveCfg = Debug|Any CPU
		{FDAB5C1D-6827-2165-2711-F30D40B08FAA}.Debug|x64.Build.0 = Debug|Any CPU
		{FDAB5C1D-6827-2165-2711-F30D40B08FAA}.Debug|x86.ActiveCfg = Debug|Any CPU
		{FDAB5C1D-6827-2165-2711-F30D40B08FAA}.Debug|x86.Build.0 = Debug|Any CPU
		{FDAB5C1D-6827-2165-2711-F30D40B08FAA}.Release|Any CPU.ActiveCfg = Release|Any CPU
		{FDAB5C1D-6827-2165-2711-F30D40B08FAA}.Release|Any CPU.Build.0 = Release|Any CPU
		{FDAB5C1D-6827-2165-2711-F30D40B08FAA}.Release|x64.ActiveCfg = Release|Any CPU
		{FDAB5C1D-6827-2165-2711-F30D40B08FAA}.Release|x64.Build.0 = Release|Any CPU
		{FDAB5C1D-6827-2165-2711-F30D40B08FAA}.Release|x86.ActiveCfg = Release|Any CPU
		{FDAB5C1D-6827-2165-2711-F30D40B08FAA}.Release|x86.Build.0 = Release|Any CPU
	EndGlobalSection
	GlobalSection(SolutionProperties) = preSolution
		HideSolutionNode = FALSE
	EndGlobalSection
	GlobalSection(NestedProjects) = preSolution
		{6A9B8DB3-F987-4457-BA15-7A4673D7E17B} = {827E0CD3-B72D-47B6-A68D-7590B98EB39B}
		{7935D1EB-583F-46AC-AC19-4BF02F5ABAAF} = {827E0CD3-B72D-47B6-A68D-7590B98EB39B}
		{409251B1-588C-486B-91DE-6BD53B79219A} = {827E0CD3-B72D-47B6-A68D-7590B98EB39B}
		{C549A4B0-373E-4649-9F80-331952CA5979} = {0AB3BF05-4346-4AA6-1389-037BE0695223}
		{131724A3-7C82-E4EE-F6B1-949286C16FD8} = {827E0CD3-B72D-47B6-A68D-7590B98EB39B}
		{FDAB5C1D-6827-2165-2711-F30D40B08FAA} = {827E0CD3-B72D-47B6-A68D-7590B98EB39B}
	EndGlobalSection
	GlobalSection(ExtensibilityGlobals) = postSolution
		SolutionGuid = {2BE802FF-B943-4699-A116-9B7C19D8C7B5}
	EndGlobalSection
EndGlobal
